
Microsoft Visual Studio Solution File, Format Version 12.00
# Visual Studio Version 16
VisualStudioVersion = 16.0.31129.286
MinimumVisualStudioVersion = 10.0.40219.1
Project("{FAE04EC0-301F-11D3-BF4B-00C04F79EFBC}") = "Chat with Mediator Pattern", "Chat with Mediator Pattern\Chat with Mediator Pattern.csproj", "{9C0C79EA-B49A-4D20-AEF5-5B412DDE5D96}"
EndProject
Global
	GlobalSection(SolutionConfigurationPlatforms) = preSolution
		Debug|Any CPU = Debug|Any CPU
		Release|Any CPU = Release|Any CPU
	EndGlobalSection
	GlobalSection(ProjectConfigurationPlatforms) = postSolution
		{9C0C79EA-B49A-4D20-AEF5-5B412DDE5D96}.Debug|Any CPU.ActiveCfg = Debug|Any CPU
		{9C0C79EA-B49A-4D20-AEF5-5B412DDE5D96}.Debug|Any CPU.Build.0 = Debug|Any CPU
		{9C0C79EA-B49A-4D20-AEF5-5B412DDE5D96}.Release|Any CPU.ActiveCfg = Release|Any CPU
		{9C0C79EA-B49A-4D20-AEF5-5B412DDE5D96}.Release|Any CPU.Build.0 = Release|Any CPU
	EndGlobalSection
	GlobalSection(SolutionProperties) = preSolution
		HideSolutionNode = FALSE
	EndGlobalSection
	GlobalSection(ExtensibilityGlobals) = postSolution
		SolutionGuid = {C9FEB496-3726-4188-9FE7-F75CE87C70F6}
	EndGlobalSection
EndGlobal
